
Microsoft Visual Studio Solution File, Format Version 12.00
# Visual Studio Version 16
VisualStudioVersion = 16.0.31515.178
MinimumVisualStudioVersion = 10.0.40219.1
Project("{8BC9CEB8-8B4A-11D0-8D11-00A0C91BC942}") = "Project1", "Project1.vcxproj", "{F1C9EF17-1714-409E-81FD-8E3A29B71CCC}"
EndProject
Global
	GlobalSection(SolutionConfigurationPlatforms) = preSolution
		Debug|x64 = Debug|x64
		Debug|x86 = Debug|x86
		Release|x64 = Release|x64
		Release|x86 = Release|x86
	EndGlobalSection
	GlobalSection(ProjectConfigurationPlatforms) = postSolution
		{F1C9EF17-1714-409E-81FD-8E3A29B71CCC}.Debug|x64.ActiveCfg = Debug|x64
		{F1C9EF17-1714-409E-81FD-8E3A29B71CCC}.Debug|x64.Build.0 = Debug|x64
		{F1C9EF17-1714-409E-81FD-8E3A29B71CCC}.Debug|x86.ActiveCfg = Debug|Win32
		{F1C9EF17-1714-409E-81FD-8E3A29B71CCC}.Debug|x86.Build.0 = Debug|Win32
		{F1C9EF17-1714-409E-81FD-8E3A29B71CCC}.Release|x64.ActiveCfg = Release|x64
		{F1C9EF17-1714-409E-81FD-8E3A29B71CCC}.Release|x64.Build.0 = Release|x64
		{F1C9EF17-1714-409E-81FD-8E3A29B71CCC}.Release|x86.ActiveCfg = Release|Win32
		{F1C9EF17-1714-409E-81FD-8E3A29B71CCC}.Release|x86.Build.0 = Release|Win32
	EndGlobalSection
	GlobalSection(SolutionProperties) = preSolution
		HideSolutionNode = FALSE
	EndGlobalSection
	GlobalSection(ExtensibilityGlobals) = postSolution
		SolutionGuid = {FC48F770-F305-44B6-8BC7-B2204FBB5E6B}
	EndGlobalSection
EndGlobal
